
Microsoft Visual Studio Solution File, Format Version 12.00
# Visual Studio Version 17
VisualStudioVersion = 17.2.32616.157
MinimumVisualStudioVersion = 10.0.40219.1
Project("{9A19103F-16F7-4668-BE54-9A1E7A4F7556}") = "Presentations", "Presentations\Presentations.csproj", "{33315005-4EE5-4369-AA5C-4A130468ED9F}"
EndProject
Project("{9A19103F-16F7-4668-BE54-9A1E7A4F7556}") = "Lesson 01 Javascrript Introduction", "Lesson 01 Javascrript Introduction\Lesson 01 Javascrript Introduction.csproj", "{5D61B5FB-69B2-4F30-90A1-3CA3A4347C65}"
EndProject
Project("{9A19103F-16F7-4668-BE54-9A1E7A4F7556}") = "Lesson 02 HTML Basics", "Lesson 02 HTML Basics\Lesson 02 HTML Basics.csproj", "{CE7B0060-23E3-4982-AEAA-FB9C3185F9D1}"
EndProject
Project("{9A19103F-16F7-4668-BE54-9A1E7A4F7556}") = "Lesson 03 CSS Basics", "Lesson 03 CSS Basics\Lesson 03 CSS Basics.csproj", "{229B9D72-0247-4C9A-B763-F47855FCE7F8}"
EndProject
Project("{9A19103F-16F7-4668-BE54-9A1E7A4F7556}") = "Lesson 04 Javascript Syntax", "Lesson 04 Javascript Syntax\Lesson 04 Javascript Syntax.csproj", "{1C48AA27-72E6-4A19-9E10-02FB8628F06A}"
EndProject
Project("{FAE04EC0-301F-11D3-BF4B-00C04F79EFBC}") = "Lesson 05 Javascript Functions", "Lesson 05 Javascript Functions\Lesson 05 Javascript Functions.csproj", "{B6CD60B9-550B-4E78-ADCE-209CE7E53287}"
EndProject
Project("{FAE04EC0-301F-11D3-BF4B-00C04F79EFBC}") = "Lesson 06 Loops", "Lesson 06 Loops\Lesson 06 Loops.csproj", "{6EF9EF51-C027-4473-913D-8917AFC75E1E}"
EndProject
Global
	GlobalSection(SolutionConfigurationPlatforms) = preSolution
		Debug|Any CPU = Debug|Any CPU
		Release|Any CPU = Release|Any CPU
	EndGlobalSection
	GlobalSection(ProjectConfigurationPlatforms) = postSolution
		{33315005-4EE5-4369-AA5C-4A130468ED9F}.Debug|Any CPU.ActiveCfg = Debug|Any CPU
		{33315005-4EE5-4369-AA5C-4A130468ED9F}.Debug|Any CPU.Build.0 = Debug|Any CPU
		{33315005-4EE5-4369-AA5C-4A130468ED9F}.Release|Any CPU.ActiveCfg = Release|Any CPU
		{33315005-4EE5-4369-AA5C-4A130468ED9F}.Release|Any CPU.Build.0 = Release|Any CPU
		{5D61B5FB-69B2-4F30-90A1-3CA3A4347C65}.Debug|Any CPU.ActiveCfg = Debug|Any CPU
		{5D61B5FB-69B2-4F30-90A1-3CA3A4347C65}.Debug|Any CPU.Build.0 = Debug|Any CPU
		{5D61B5FB-69B2-4F30-90A1-3CA3A4347C65}.Release|Any CPU.ActiveCfg = Release|Any CPU
		{5D61B5FB-69B2-4F30-90A1-3CA3A4347C65}.Release|Any CPU.Build.0 = Release|Any CPU
		{CE7B0060-23E3-4982-AEAA-FB9C3185F9D1}.Debug|Any CPU.ActiveCfg = Debug|Any CPU
		{CE7B0060-23E3-4982-AEAA-FB9C3185F9D1}.Debug|Any CPU.Build.0 = Debug|Any CPU
		{CE7B0060-23E3-4982-AEAA-FB9C3185F9D1}.Release|Any CPU.ActiveCfg = Release|Any CPU
		{CE7B0060-23E3-4982-AEAA-FB9C3185F9D1}.Release|Any CPU.Build.0 = Release|Any CPU
		{229B9D72-0247-4C9A-B763-F47855FCE7F8}.Debug|Any CPU.ActiveCfg = Debug|Any CPU
		{229B9D72-0247-4C9A-B763-F47855FCE7F8}.Debug|Any CPU.Build.0 = Debug|Any CPU
		{229B9D72-0247-4C9A-B763-F47855FCE7F8}.Release|Any CPU.ActiveCfg = Release|Any CPU
		{229B9D72-0247-4C9A-B763-F47855FCE7F8}.Release|Any CPU.Build.0 = Release|Any CPU
		{1C48AA27-72E6-4A19-9E10-02FB8628F06A}.Debug|Any CPU.ActiveCfg = Debug|Any CPU
		{1C48AA27-72E6-4A19-9E10-02FB8628F06A}.Debug|Any CPU.Build.0 = Debug|Any CPU
		{1C48AA27-72E6-4A19-9E10-02FB8628F06A}.Release|Any CPU.ActiveCfg = Release|Any CPU
		{1C48AA27-72E6-4A19-9E10-02FB8628F06A}.Release|Any CPU.Build.0 = Release|Any CPU
		{B6CD60B9-550B-4E78-ADCE-209CE7E53287}.Debug|Any CPU.ActiveCfg = Debug|Any CPU
		{B6CD60B9-550B-4E78-ADCE-209CE7E53287}.Debug|Any CPU.Build.0 = Debug|Any CPU
		{B6CD60B9-550B-4E78-ADCE-209CE7E53287}.Release|Any CPU.ActiveCfg = Release|Any CPU
		{B6CD60B9-550B-4E78-ADCE-209CE7E53287}.Release|Any CPU.Build.0 = Release|Any CPU
		{6EF9EF51-C027-4473-913D-8917AFC75E1E}.Debug|Any CPU.ActiveCfg = Debug|Any CPU
		{6EF9EF51-C027-4473-913D-8917AFC75E1E}.Debug|Any CPU.Build.0 = Debug|Any CPU
		{6EF9EF51-C027-4473-913D-8917AFC75E1E}.Release|Any CPU.ActiveCfg = Release|Any CPU
		{6EF9EF51-C027-4473-913D-8917AFC75E1E}.Release|Any CPU.Build.0 = Release|Any CPU
	EndGlobalSection
	GlobalSection(SolutionProperties) = preSolution
		HideSolutionNode = FALSE
	EndGlobalSection
	GlobalSection(ExtensibilityGlobals) = postSolution
		SolutionGuid = {4D506089-A158-4BFE-B3AB-22E4915831DF}
	EndGlobalSection
EndGlobal
